
Microsoft Visual Studio Solution File, Format Version 12.00
# Visual Studio Version 17
VisualStudioVersion = 17.0.31903.59
MinimumVisualStudioVersion = 10.0.40219.1
Project("{2150E333-8FDC-42A3-9474-1A3956D46DE8}") = "1-TestesDeUnidade", "1-TestesDeUnidade", "{8A809CD0-A7FC-4B77-BF9A-A8AC202D148E}"
EndProject
Project("{2150E333-8FDC-42A3-9474-1A3956D46DE8}") = "1.1-TestesBasicos", "1.1-TestesBasicos", "{5AF06792-29D4-41F3-9ED3-0715F7DBFA49}"
	ProjectSection(SolutionItems) = preProject
		..\Documento de Testes.txt = ..\Documento de Testes.txt
	EndProjectSection
EndProject
Project("{9A19103F-16F7-4668-BE54-9A1E7A4F7556}") = "Demo", "1-TestesUnidade\Demo\Demo.csproj", "{4636B393-30A3-4DDB-AFD3-28A59CC683E7}"
EndProject
Project("{9A19103F-16F7-4668-BE54-9A1E7A4F7556}") = "Demo.Teste", "1-TestesUnidade\Demo.Teste\Demo.Teste\Demo.Teste.csproj", "{63052808-9E78-4419-B8A7-94E8F398AA57}"
EndProject
Project("{2150E333-8FDC-42A3-9474-1A3956D46DE8}") = "2.2- Features", "2.2- Features", "{FEAAC223-E5AF-4FFF-9FD7-99F7ED1685A6}"
EndProject
Project("{9A19103F-16F7-4668-BE54-9A1E7A4F7556}") = "Features", "2-Features\Features\Features.csproj", "{4B01CD59-AEF9-425B-B16F-DA756DC2E26E}"
EndProject
Project("{9A19103F-16F7-4668-BE54-9A1E7A4F7556}") = "Features.Tests", "Features.Tests\Features.Tests.csproj", "{2870EA44-520B-44AA-A6A9-352C1552B49D}"
EndProject
Project("{2150E333-8FDC-42A3-9474-1A3956D46DE8}") = "2-TDD", "2-TDD", "{9B4B4665-F726-4276-9B1C-7848E35662B2}"
EndProject
Project("{2150E333-8FDC-42A3-9474-1A3956D46DE8}") = "Tests", "Tests", "{986695FE-5136-4D2E-8E38-BBD134AE56C9}"
EndProject
Project("{FAE04EC0-301F-11D3-BF4B-00C04F79EFBC}") = "NerdStore.Vendas.Application.Tests", "NerdStore.Vendas.Application.Tests\NerdStore.Vendas.Application.Tests.csproj", "{299EA46D-EDB8-409B-877E-7DB250D22B1C}"
EndProject
Project("{FAE04EC0-301F-11D3-BF4B-00C04F79EFBC}") = "NerdeStore.Vendas.Domain.Tests", "NerdeStore.Vendas.Domain.Tests\NerdeStore.Vendas.Domain.Tests.csproj", "{022327A3-1D8C-473E-A1CF-F9480B0A9B7F}"
EndProject
Project("{FAE04EC0-301F-11D3-BF4B-00C04F79EFBC}") = "NerdStore.Vendas.Domain", "3-TDD\src\NerdStore.Vendas.Domain\NerdStore.Vendas.Domain.csproj", "{86C014B7-D3F7-4D78-B0DF-187176C737A3}"
EndProject
Global
	GlobalSection(SolutionConfigurationPlatforms) = preSolution
		Debug|Any CPU = Debug|Any CPU
		Release|Any CPU = Release|Any CPU
	EndGlobalSection
	GlobalSection(ProjectConfigurationPlatforms) = postSolution
		{4636B393-30A3-4DDB-AFD3-28A59CC683E7}.Debug|Any CPU.ActiveCfg = Debug|Any CPU
		{4636B393-30A3-4DDB-AFD3-28A59CC683E7}.Debug|Any CPU.Build.0 = Debug|Any CPU
		{4636B393-30A3-4DDB-AFD3-28A59CC683E7}.Release|Any CPU.ActiveCfg = Release|Any CPU
		{4636B393-30A3-4DDB-AFD3-28A59CC683E7}.Release|Any CPU.Build.0 = Release|Any CPU
		{63052808-9E78-4419-B8A7-94E8F398AA57}.Debug|Any CPU.ActiveCfg = Debug|Any CPU
		{63052808-9E78-4419-B8A7-94E8F398AA57}.Debug|Any CPU.Build.0 = Debug|Any CPU
		{63052808-9E78-4419-B8A7-94E8F398AA57}.Release|Any CPU.ActiveCfg = Release|Any CPU
		{63052808-9E78-4419-B8A7-94E8F398AA57}.Release|Any CPU.Build.0 = Release|Any CPU
		{4B01CD59-AEF9-425B-B16F-DA756DC2E26E}.Debug|Any CPU.ActiveCfg = Debug|Any CPU
		{4B01CD59-AEF9-425B-B16F-DA756DC2E26E}.Debug|Any CPU.Build.0 = Debug|Any CPU
		{4B01CD59-AEF9-425B-B16F-DA756DC2E26E}.Release|Any CPU.ActiveCfg = Release|Any CPU
		{4B01CD59-AEF9-425B-B16F-DA756DC2E26E}.Release|Any CPU.Build.0 = Release|Any CPU
		{2870EA44-520B-44AA-A6A9-352C1552B49D}.Debug|Any CPU.ActiveCfg = Debug|Any CPU
		{2870EA44-520B-44AA-A6A9-352C1552B49D}.Debug|Any CPU.Build.0 = Debug|Any CPU
		{2870EA44-520B-44AA-A6A9-352C1552B49D}.Release|Any CPU.ActiveCfg = Release|Any CPU
		{2870EA44-520B-44AA-A6A9-352C1552B49D}.Release|Any CPU.Build.0 = Release|Any CPU
		{299EA46D-EDB8-409B-877E-7DB250D22B1C}.Debug|Any CPU.ActiveCfg = Debug|Any CPU
		{299EA46D-EDB8-409B-877E-7DB250D22B1C}.Debug|Any CPU.Build.0 = Debug|Any CPU
		{299EA46D-EDB8-409B-877E-7DB250D22B1C}.Release|Any CPU.ActiveCfg = Release|Any CPU
		{299EA46D-EDB8-409B-877E-7DB250D22B1C}.Release|Any CPU.Build.0 = Release|Any CPU
		{022327A3-1D8C-473E-A1CF-F9480B0A9B7F}.Debug|Any CPU.ActiveCfg = Debug|Any CPU
		{022327A3-1D8C-473E-A1CF-F9480B0A9B7F}.Debug|Any CPU.Build.0 = Debug|Any CPU
		{022327A3-1D8C-473E-A1CF-F9480B0A9B7F}.Release|Any CPU.ActiveCfg = Release|Any CPU
		{022327A3-1D8C-473E-A1CF-F9480B0A9B7F}.Release|Any CPU.Build.0 = Release|Any CPU
		{86C014B7-D3F7-4D78-B0DF-187176C737A3}.Debug|Any CPU.ActiveCfg = Debug|Any CPU
		{86C014B7-D3F7-4D78-B0DF-187176C737A3}.Debug|Any CPU.Build.0 = Debug|Any CPU
		{86C014B7-D3F7-4D78-B0DF-187176C737A3}.Release|Any CPU.ActiveCfg = Release|Any CPU
		{86C014B7-D3F7-4D78-B0DF-187176C737A3}.Release|Any CPU.Build.0 = Release|Any CPU
	EndGlobalSection
	GlobalSection(SolutionProperties) = preSolution
		HideSolutionNode = FALSE
	EndGlobalSection
	GlobalSection(NestedProjects) = preSolution
		{5AF06792-29D4-41F3-9ED3-0715F7DBFA49} = {8A809CD0-A7FC-4B77-BF9A-A8AC202D148E}
		{4636B393-30A3-4DDB-AFD3-28A59CC683E7} = {5AF06792-29D4-41F3-9ED3-0715F7DBFA49}
		{63052808-9E78-4419-B8A7-94E8F398AA57} = {5AF06792-29D4-41F3-9ED3-0715F7DBFA49}
		{FEAAC223-E5AF-4FFF-9FD7-99F7ED1685A6} = {8A809CD0-A7FC-4B77-BF9A-A8AC202D148E}
		{4B01CD59-AEF9-425B-B16F-DA756DC2E26E} = {FEAAC223-E5AF-4FFF-9FD7-99F7ED1685A6}
		{2870EA44-520B-44AA-A6A9-352C1552B49D} = {FEAAC223-E5AF-4FFF-9FD7-99F7ED1685A6}
		{986695FE-5136-4D2E-8E38-BBD134AE56C9} = {9B4B4665-F726-4276-9B1C-7848E35662B2}
		{299EA46D-EDB8-409B-877E-7DB250D22B1C} = {986695FE-5136-4D2E-8E38-BBD134AE56C9}
		{022327A3-1D8C-473E-A1CF-F9480B0A9B7F} = {986695FE-5136-4D2E-8E38-BBD134AE56C9}
		{86C014B7-D3F7-4D78-B0DF-187176C737A3} = {9B4B4665-F726-4276-9B1C-7848E35662B2}
	EndGlobalSection
	GlobalSection(ExtensibilityGlobals) = postSolution
		SolutionGuid = {7CEFBCC5-7518-4061-8D41-2D8684EF7BBA}
	EndGlobalSection
EndGlobal
